
Microsoft Visual Studio Solution File, Format Version 12.00
Project("{FAE04EC0-301F-11D3-BF4B-00C04F79EFBC}") = "denicestbankportal", "denicestbankportal\denicestbankportal.csproj", "{C0B129CB-9C88-4E85-8AEB-E02E05936A9C}"
EndProject
Project("{FAE04EC0-301F-11D3-BF4B-00C04F79EFBC}") = "denicestbankportal.test.unit", "denicestbankportal.test.unit\denicestbankportal.test.unit.csproj", "{D31CB9C8-2AD3-4CA3-A117-91D50DC71040}"
EndProject
Project("{FAE04EC0-301F-11D3-BF4B-00C04F79EFBC}") = "transactgenerator", "transactgenerator\transactgenerator.csproj", "{94F53444-B90A-45A0-89DE-5547F640B0FE}"
EndProject
Global
	GlobalSection(SolutionConfigurationPlatforms) = preSolution
		Debug|Any CPU = Debug|Any CPU
		Release|Any CPU = Release|Any CPU
	EndGlobalSection
	GlobalSection(ProjectConfigurationPlatforms) = postSolution
		{C0B129CB-9C88-4E85-8AEB-E02E05936A9C}.Debug|Any CPU.ActiveCfg = Debug|Any CPU
		{C0B129CB-9C88-4E85-8AEB-E02E05936A9C}.Debug|Any CPU.Build.0 = Debug|Any CPU
		{C0B129CB-9C88-4E85-8AEB-E02E05936A9C}.Release|Any CPU.ActiveCfg = Release|Any CPU
		{C0B129CB-9C88-4E85-8AEB-E02E05936A9C}.Release|Any CPU.Build.0 = Release|Any CPU
		{D31CB9C8-2AD3-4CA3-A117-91D50DC71040}.Debug|Any CPU.ActiveCfg = Debug|Any CPU
		{D31CB9C8-2AD3-4CA3-A117-91D50DC71040}.Debug|Any CPU.Build.0 = Debug|Any CPU
		{D31CB9C8-2AD3-4CA3-A117-91D50DC71040}.Release|Any CPU.ActiveCfg = Release|Any CPU
		{D31CB9C8-2AD3-4CA3-A117-91D50DC71040}.Release|Any CPU.Build.0 = Release|Any CPU
		{94F53444-B90A-45A0-89DE-5547F640B0FE}.Debug|Any CPU.ActiveCfg = Debug|Any CPU
		{94F53444-B90A-45A0-89DE-5547F640B0FE}.Debug|Any CPU.Build.0 = Debug|Any CPU
		{94F53444-B90A-45A0-89DE-5547F640B0FE}.Release|Any CPU.ActiveCfg = Release|Any CPU
		{94F53444-B90A-45A0-89DE-5547F640B0FE}.Release|Any CPU.Build.0 = Release|Any CPU
	EndGlobalSection
EndGlobal
